
Microsoft Visual Studio Solution File, Format Version 12.00
# Visual Studio 14
VisualStudioVersion = 14.0.24720.0
MinimumVisualStudioVersion = 10.0.40219.1
Project("{FAE04EC0-301F-11D3-BF4B-00C04F79EFBC}") = "LiteRepository", "sources\LiteRepository\LiteRepository.csproj", "{8306EF9F-1B34-4E80-ABC7-BD9EBC4BDD0B}"
EndProject
Project("{FAE04EC0-301F-11D3-BF4B-00C04F79EFBC}") = "Tests.LiteRepository", "sources\Tests.LiteRepository\Tests.LiteRepository.csproj", "{31D3FD6D-8EA9-4221-BD44-9397B35FD4C6}"
EndProject
Project("{FAE04EC0-301F-11D3-BF4B-00C04F79EFBC}") = "LiteRepository.Database.SqlServer", "sources\LiteRepository.Database.SqlServer\LiteRepository.Database.SqlServer.csproj", "{B7181317-9A3B-4932-A202-62211414E3F1}"
EndProject
Project("{FAE04EC0-301F-11D3-BF4B-00C04F79EFBC}") = "Tests.LiteRepository.Database.SqlServer", "sources\Tests.LiteRepository.Database.SqlServer\Tests.LiteRepository.Database.SqlServer.csproj", "{6C5CA7AE-0ED2-4D72-A127-315CB4CE865B}"
EndProject
Project("{00D1A9C2-B5F0-4AF3-8072-F6C62B433612}") = "SqlServer.LiteRepository", "sources\SqlServer.LiteRepository\SqlServer.LiteRepository.sqlproj", "{45879FC3-DB81-4181-8240-483D5407B527}"
EndProject
Global
	GlobalSection(SolutionConfigurationPlatforms) = preSolution
		Debug|Any CPU = Debug|Any CPU
		Release|Any CPU = Release|Any CPU
	EndGlobalSection
	GlobalSection(ProjectConfigurationPlatforms) = postSolution
		{8306EF9F-1B34-4E80-ABC7-BD9EBC4BDD0B}.Debug|Any CPU.ActiveCfg = Debug|Any CPU
		{8306EF9F-1B34-4E80-ABC7-BD9EBC4BDD0B}.Debug|Any CPU.Build.0 = Debug|Any CPU
		{8306EF9F-1B34-4E80-ABC7-BD9EBC4BDD0B}.Release|Any CPU.ActiveCfg = Release|Any CPU
		{8306EF9F-1B34-4E80-ABC7-BD9EBC4BDD0B}.Release|Any CPU.Build.0 = Release|Any CPU
		{31D3FD6D-8EA9-4221-BD44-9397B35FD4C6}.Debug|Any CPU.ActiveCfg = Debug|Any CPU
		{31D3FD6D-8EA9-4221-BD44-9397B35FD4C6}.Debug|Any CPU.Build.0 = Debug|Any CPU
		{31D3FD6D-8EA9-4221-BD44-9397B35FD4C6}.Release|Any CPU.ActiveCfg = Release|Any CPU
		{31D3FD6D-8EA9-4221-BD44-9397B35FD4C6}.Release|Any CPU.Build.0 = Release|Any CPU
		{B7181317-9A3B-4932-A202-62211414E3F1}.Debug|Any CPU.ActiveCfg = Debug|Any CPU
		{B7181317-9A3B-4932-A202-62211414E3F1}.Debug|Any CPU.Build.0 = Debug|Any CPU
		{B7181317-9A3B-4932-A202-62211414E3F1}.Release|Any CPU.ActiveCfg = Release|Any CPU
		{B7181317-9A3B-4932-A202-62211414E3F1}.Release|Any CPU.Build.0 = Release|Any CPU
		{6C5CA7AE-0ED2-4D72-A127-315CB4CE865B}.Debug|Any CPU.ActiveCfg = Debug|Any CPU
		{6C5CA7AE-0ED2-4D72-A127-315CB4CE865B}.Debug|Any CPU.Build.0 = Debug|Any CPU
		{6C5CA7AE-0ED2-4D72-A127-315CB4CE865B}.Release|Any CPU.ActiveCfg = Release|Any CPU
		{6C5CA7AE-0ED2-4D72-A127-315CB4CE865B}.Release|Any CPU.Build.0 = Release|Any CPU
		{45879FC3-DB81-4181-8240-483D5407B527}.Debug|Any CPU.ActiveCfg = Debug|Any CPU
		{45879FC3-DB81-4181-8240-483D5407B527}.Debug|Any CPU.Build.0 = Debug|Any CPU
		{45879FC3-DB81-4181-8240-483D5407B527}.Debug|Any CPU.Deploy.0 = Debug|Any CPU
		{45879FC3-DB81-4181-8240-483D5407B527}.Release|Any CPU.ActiveCfg = Release|Any CPU
		{45879FC3-DB81-4181-8240-483D5407B527}.Release|Any CPU.Build.0 = Release|Any CPU
		{45879FC3-DB81-4181-8240-483D5407B527}.Release|Any CPU.Deploy.0 = Release|Any CPU
	EndGlobalSection
	GlobalSection(SolutionProperties) = preSolution
		HideSolutionNode = FALSE
	EndGlobalSection
EndGlobal
